
Microsoft Visual Studio Solution File, Format Version 12.00
# Visual Studio Version 16
VisualStudioVersion = 16.0.30523.141
MinimumVisualStudioVersion = 10.0.40219.1
Project("{9A19103F-16F7-4668-BE54-9A1E7A4F7556}") = "p01.DistanceBetweenVertices", "p01.DistanceBetweenVertices\p01.DistanceBetweenVertices.csproj", "{EB6195F7-F15A-4F7D-A989-7C2DA35560D4}"
EndProject
Project("{9A19103F-16F7-4668-BE54-9A1E7A4F7556}") = "p02.AreasInMatrix", "p02.AreasInMatrix\p02.AreasInMatrix.csproj", "{F54DD9C5-37F3-403B-9FBC-0308C51D79CB}"
EndProject
Project("{9A19103F-16F7-4668-BE54-9A1E7A4F7556}") = "p03.CyclesInGraph", "p03.CyclesInGraph\p03.CyclesInGraph.csproj", "{D99F98D8-3BD5-459E-B79D-6A2AF7E26A65}"
EndProject
Project("{FAE04EC0-301F-11D3-BF4B-00C04F79EFBC}") = "p04.Salaries", "p04.Salaries\p04.Salaries.csproj", "{94644D68-2676-4A5F-AC71-A30E8070728D}"
EndProject
Project("{FAE04EC0-301F-11D3-BF4B-00C04F79EFBC}") = "p05.BreakCycle", "p05.BreakCycle\p05.BreakCycle.csproj", "{68CF6196-B2A9-4E6D-94A7-1D94AF4B0F8D}"
EndProject
Global
	GlobalSection(SolutionConfigurationPlatforms) = preSolution
		Debug|Any CPU = Debug|Any CPU
		Release|Any CPU = Release|Any CPU
	EndGlobalSection
	GlobalSection(ProjectConfigurationPlatforms) = postSolution
		{EB6195F7-F15A-4F7D-A989-7C2DA35560D4}.Debug|Any CPU.ActiveCfg = Debug|Any CPU
		{EB6195F7-F15A-4F7D-A989-7C2DA35560D4}.Debug|Any CPU.Build.0 = Debug|Any CPU
		{EB6195F7-F15A-4F7D-A989-7C2DA35560D4}.Release|Any CPU.ActiveCfg = Release|Any CPU
		{EB6195F7-F15A-4F7D-A989-7C2DA35560D4}.Release|Any CPU.Build.0 = Release|Any CPU
		{F54DD9C5-37F3-403B-9FBC-0308C51D79CB}.Debug|Any CPU.ActiveCfg = Debug|Any CPU
		{F54DD9C5-37F3-403B-9FBC-0308C51D79CB}.Debug|Any CPU.Build.0 = Debug|Any CPU
		{F54DD9C5-37F3-403B-9FBC-0308C51D79CB}.Release|Any CPU.ActiveCfg = Release|Any CPU
		{F54DD9C5-37F3-403B-9FBC-0308C51D79CB}.Release|Any CPU.Build.0 = Release|Any CPU
		{D99F98D8-3BD5-459E-B79D-6A2AF7E26A65}.Debug|Any CPU.ActiveCfg = Debug|Any CPU
		{D99F98D8-3BD5-459E-B79D-6A2AF7E26A65}.Debug|Any CPU.Build.0 = Debug|Any CPU
		{D99F98D8-3BD5-459E-B79D-6A2AF7E26A65}.Release|Any CPU.ActiveCfg = Release|Any CPU
		{D99F98D8-3BD5-459E-B79D-6A2AF7E26A65}.Release|Any CPU.Build.0 = Release|Any CPU
		{94644D68-2676-4A5F-AC71-A30E8070728D}.Debug|Any CPU.ActiveCfg = Debug|Any CPU
		{94644D68-2676-4A5F-AC71-A30E8070728D}.Debug|Any CPU.Build.0 = Debug|Any CPU
		{94644D68-2676-4A5F-AC71-A30E8070728D}.Release|Any CPU.ActiveCfg = Release|Any CPU
		{94644D68-2676-4A5F-AC71-A30E8070728D}.Release|Any CPU.Build.0 = Release|Any CPU
		{68CF6196-B2A9-4E6D-94A7-1D94AF4B0F8D}.Debug|Any CPU.ActiveCfg = Debug|Any CPU
		{68CF6196-B2A9-4E6D-94A7-1D94AF4B0F8D}.Debug|Any CPU.Build.0 = Debug|Any CPU
		{68CF6196-B2A9-4E6D-94A7-1D94AF4B0F8D}.Release|Any CPU.ActiveCfg = Release|Any CPU
		{68CF6196-B2A9-4E6D-94A7-1D94AF4B0F8D}.Release|Any CPU.Build.0 = Release|Any CPU
	EndGlobalSection
	GlobalSection(SolutionProperties) = preSolution
		HideSolutionNode = FALSE
	EndGlobalSection
	GlobalSection(ExtensibilityGlobals) = postSolution
		SolutionGuid = {6FB0C6C7-D39B-4D30-A216-90A52348DC9C}
	EndGlobalSection
EndGlobal
