
Microsoft Visual Studio Solution File, Format Version 12.00
# Visual Studio Version 16
VisualStudioVersion = 16.0.30204.135
MinimumVisualStudioVersion = 10.0.40219.1
Project("{FAE04EC0-301F-11D3-BF4B-00C04F79EFBC}") = "p01.IterativePerm", "p01.IterativePerm\p01.IterativePerm.csproj", "{72576B89-A2D9-4EA0-BC23-EF4426105C2B}"
EndProject
Global
	GlobalSection(SolutionConfigurationPlatforms) = preSolution
		Debug|Any CPU = Debug|Any CPU
		Release|Any CPU = Release|Any CPU
	EndGlobalSection
	GlobalSection(ProjectConfigurationPlatforms) = postSolution
		{72576B89-A2D9-4EA0-BC23-EF4426105C2B}.Debug|Any CPU.ActiveCfg = Debug|Any CPU
		{72576B89-A2D9-4EA0-BC23-EF4426105C2B}.Debug|Any CPU.Build.0 = Debug|Any CPU
		{72576B89-A2D9-4EA0-BC23-EF4426105C2B}.Release|Any CPU.ActiveCfg = Release|Any CPU
		{72576B89-A2D9-4EA0-BC23-EF4426105C2B}.Release|Any CPU.Build.0 = Release|Any CPU
	EndGlobalSection
	GlobalSection(SolutionProperties) = preSolution
		HideSolutionNode = FALSE
	EndGlobalSection
	GlobalSection(ExtensibilityGlobals) = postSolution
		SolutionGuid = {8ACE9D90-EA68-4EFD-BD61-8FFFA48B2757}
	EndGlobalSection
EndGlobal
