
Microsoft Visual Studio Solution File, Format Version 12.00
# Visual Studio Version 16
VisualStudioVersion = 16.0.30621.155
MinimumVisualStudioVersion = 10.0.40219.1
Project("{9A19103F-16F7-4668-BE54-9A1E7A4F7556}") = "p01.Index", "p01.Index\p01.Index.csproj", "{9A2E7E3F-1502-4027-8ABE-47CBF6A343D2}"
EndProject
Project("{FAE04EC0-301F-11D3-BF4B-00C04F79EFBC}") = "p02.ZigZagMatrix", "p02.ZigZagMatrix\p02.ZigZagMatrix.csproj", "{356EEF61-A7FF-4FB0-AC01-23E9457C190E}"
EndProject
Global
	GlobalSection(SolutionConfigurationPlatforms) = preSolution
		Debug|Any CPU = Debug|Any CPU
		Release|Any CPU = Release|Any CPU
	EndGlobalSection
	GlobalSection(ProjectConfigurationPlatforms) = postSolution
		{9A2E7E3F-1502-4027-8ABE-47CBF6A343D2}.Debug|Any CPU.ActiveCfg = Debug|Any CPU
		{9A2E7E3F-1502-4027-8ABE-47CBF6A343D2}.Debug|Any CPU.Build.0 = Debug|Any CPU
		{9A2E7E3F-1502-4027-8ABE-47CBF6A343D2}.Release|Any CPU.ActiveCfg = Release|Any CPU
		{9A2E7E3F-1502-4027-8ABE-47CBF6A343D2}.Release|Any CPU.Build.0 = Release|Any CPU
		{356EEF61-A7FF-4FB0-AC01-23E9457C190E}.Debug|Any CPU.ActiveCfg = Debug|Any CPU
		{356EEF61-A7FF-4FB0-AC01-23E9457C190E}.Debug|Any CPU.Build.0 = Debug|Any CPU
		{356EEF61-A7FF-4FB0-AC01-23E9457C190E}.Release|Any CPU.ActiveCfg = Release|Any CPU
		{356EEF61-A7FF-4FB0-AC01-23E9457C190E}.Release|Any CPU.Build.0 = Release|Any CPU
	EndGlobalSection
	GlobalSection(SolutionProperties) = preSolution
		HideSolutionNode = FALSE
	EndGlobalSection
	GlobalSection(ExtensibilityGlobals) = postSolution
		SolutionGuid = {E4540E25-21E8-4CE9-BED0-389996D03932}
	EndGlobalSection
EndGlobal
