
Microsoft Visual Studio Solution File, Format Version 12.00
# Visual Studio Version 16
VisualStudioVersion = 16.0.30002.166
MinimumVisualStudioVersion = 10.0.40219.1
Project("{9A19103F-16F7-4668-BE54-9A1E7A4F7556}") = "p01.Index", "p01.Index\p01.Index.csproj", "{3550624F-063C-48CF-A1C6-7D7B1E4010FB}"
EndProject
Project("{9A19103F-16F7-4668-BE54-9A1E7A4F7556}") = "p02.QuickSort", "p02.QuickSort\p02.QuickSort.csproj", "{8B142902-EB4A-4E6F-8644-10D7E7F53B49}"
EndProject
Project("{FAE04EC0-301F-11D3-BF4B-00C04F79EFBC}") = "p03.BinarySearch", "p03.BinarySearch\p03.BinarySearch.csproj", "{A577F2C7-7E80-4B2E-82A7-4A56050D5139}"
EndProject
Global
	GlobalSection(SolutionConfigurationPlatforms) = preSolution
		Debug|Any CPU = Debug|Any CPU
		Release|Any CPU = Release|Any CPU
	EndGlobalSection
	GlobalSection(ProjectConfigurationPlatforms) = postSolution
		{3550624F-063C-48CF-A1C6-7D7B1E4010FB}.Debug|Any CPU.ActiveCfg = Debug|Any CPU
		{3550624F-063C-48CF-A1C6-7D7B1E4010FB}.Debug|Any CPU.Build.0 = Debug|Any CPU
		{3550624F-063C-48CF-A1C6-7D7B1E4010FB}.Release|Any CPU.ActiveCfg = Release|Any CPU
		{3550624F-063C-48CF-A1C6-7D7B1E4010FB}.Release|Any CPU.Build.0 = Release|Any CPU
		{8B142902-EB4A-4E6F-8644-10D7E7F53B49}.Debug|Any CPU.ActiveCfg = Debug|Any CPU
		{8B142902-EB4A-4E6F-8644-10D7E7F53B49}.Debug|Any CPU.Build.0 = Debug|Any CPU
		{8B142902-EB4A-4E6F-8644-10D7E7F53B49}.Release|Any CPU.ActiveCfg = Release|Any CPU
		{8B142902-EB4A-4E6F-8644-10D7E7F53B49}.Release|Any CPU.Build.0 = Release|Any CPU
		{A577F2C7-7E80-4B2E-82A7-4A56050D5139}.Debug|Any CPU.ActiveCfg = Debug|Any CPU
		{A577F2C7-7E80-4B2E-82A7-4A56050D5139}.Debug|Any CPU.Build.0 = Debug|Any CPU
		{A577F2C7-7E80-4B2E-82A7-4A56050D5139}.Release|Any CPU.ActiveCfg = Release|Any CPU
		{A577F2C7-7E80-4B2E-82A7-4A56050D5139}.Release|Any CPU.Build.0 = Release|Any CPU
	EndGlobalSection
	GlobalSection(SolutionProperties) = preSolution
		HideSolutionNode = FALSE
	EndGlobalSection
	GlobalSection(ExtensibilityGlobals) = postSolution
		SolutionGuid = {E68C8673-E6FF-49AD-AB9B-758C0BBB7522}
	EndGlobalSection
EndGlobal
