
Microsoft Visual Studio Solution File, Format Version 12.00
# Visual Studio Version 16
VisualStudioVersion = 16.0.30309.148
MinimumVisualStudioVersion = 10.0.40219.1
Project("{9A19103F-16F7-4668-BE54-9A1E7A4F7556}") = "p01.BinomialCoefficient", "p01.BinomialCoefficient\p01.BinomialCoefficient.csproj", "{73022964-4D70-48B4-8628-5325B2ABC386}"
EndProject
Project("{9A19103F-16F7-4668-BE54-9A1E7A4F7556}") = "p02.Longest Zig-Zag Subsequence", "p02.Longest Zig-Zag Subsequence\p02.Longest Zig-Zag Subsequence.csproj", "{A270408A-5973-48AF-811B-4E5BFF5602B8}"
EndProject
Project("{9A19103F-16F7-4668-BE54-9A1E7A4F7556}") = "p03.DividingPresents", "p03.DividingPresents\p03.DividingPresents.csproj", "{DC0ECC16-017E-4B5F-BB4B-3281CD86DC57}"
EndProject
Project("{FAE04EC0-301F-11D3-BF4B-00C04F79EFBC}") = "p03.DividingPresents.01", "p03.DividingPresents.01\p03.DividingPresents.01.csproj", "{9FEF2F17-9782-46EE-A985-671339278CFD}"
EndProject
Project("{FAE04EC0-301F-11D3-BF4B-00C04F79EFBC}") = "p04.SumWithUnlimitedAmountOfCoins", "p04.SumWithUnlimitedAmountOfCoins\p04.SumWithUnlimitedAmountOfCoins.csproj", "{6B380751-A7D7-4EB5-BC38-58A86B57B79B}"
EndProject
Global
	GlobalSection(SolutionConfigurationPlatforms) = preSolution
		Debug|Any CPU = Debug|Any CPU
		Release|Any CPU = Release|Any CPU
	EndGlobalSection
	GlobalSection(ProjectConfigurationPlatforms) = postSolution
		{73022964-4D70-48B4-8628-5325B2ABC386}.Debug|Any CPU.ActiveCfg = Debug|Any CPU
		{73022964-4D70-48B4-8628-5325B2ABC386}.Debug|Any CPU.Build.0 = Debug|Any CPU
		{73022964-4D70-48B4-8628-5325B2ABC386}.Release|Any CPU.ActiveCfg = Release|Any CPU
		{73022964-4D70-48B4-8628-5325B2ABC386}.Release|Any CPU.Build.0 = Release|Any CPU
		{A270408A-5973-48AF-811B-4E5BFF5602B8}.Debug|Any CPU.ActiveCfg = Debug|Any CPU
		{A270408A-5973-48AF-811B-4E5BFF5602B8}.Debug|Any CPU.Build.0 = Debug|Any CPU
		{A270408A-5973-48AF-811B-4E5BFF5602B8}.Release|Any CPU.ActiveCfg = Release|Any CPU
		{A270408A-5973-48AF-811B-4E5BFF5602B8}.Release|Any CPU.Build.0 = Release|Any CPU
		{DC0ECC16-017E-4B5F-BB4B-3281CD86DC57}.Debug|Any CPU.ActiveCfg = Debug|Any CPU
		{DC0ECC16-017E-4B5F-BB4B-3281CD86DC57}.Debug|Any CPU.Build.0 = Debug|Any CPU
		{DC0ECC16-017E-4B5F-BB4B-3281CD86DC57}.Release|Any CPU.ActiveCfg = Release|Any CPU
		{DC0ECC16-017E-4B5F-BB4B-3281CD86DC57}.Release|Any CPU.Build.0 = Release|Any CPU
		{9FEF2F17-9782-46EE-A985-671339278CFD}.Debug|Any CPU.ActiveCfg = Debug|Any CPU
		{9FEF2F17-9782-46EE-A985-671339278CFD}.Debug|Any CPU.Build.0 = Debug|Any CPU
		{9FEF2F17-9782-46EE-A985-671339278CFD}.Release|Any CPU.ActiveCfg = Release|Any CPU
		{9FEF2F17-9782-46EE-A985-671339278CFD}.Release|Any CPU.Build.0 = Release|Any CPU
		{6B380751-A7D7-4EB5-BC38-58A86B57B79B}.Debug|Any CPU.ActiveCfg = Debug|Any CPU
		{6B380751-A7D7-4EB5-BC38-58A86B57B79B}.Debug|Any CPU.Build.0 = Debug|Any CPU
		{6B380751-A7D7-4EB5-BC38-58A86B57B79B}.Release|Any CPU.ActiveCfg = Release|Any CPU
		{6B380751-A7D7-4EB5-BC38-58A86B57B79B}.Release|Any CPU.Build.0 = Release|Any CPU
	EndGlobalSection
	GlobalSection(SolutionProperties) = preSolution
		HideSolutionNode = FALSE
	EndGlobalSection
	GlobalSection(ExtensibilityGlobals) = postSolution
		SolutionGuid = {02499CEA-839D-401E-B647-7AFAB1197C57}
	EndGlobalSection
EndGlobal
