
Microsoft Visual Studio Solution File, Format Version 12.00
# Visual Studio Version 16
VisualStudioVersion = 16.0.30011.22
MinimumVisualStudioVersion = 10.0.40219.1
Project("{9A19103F-16F7-4668-BE54-9A1E7A4F7556}") = "p01.FractionalKnapsack", "p01.FractionalKnapsack\p01.FractionalKnapsack.csproj", "{DE13467D-C785-46DA-965D-9FF6D4974C64}"
EndProject
Project("{9A19103F-16F7-4668-BE54-9A1E7A4F7556}") = "p02.Processor Scheduling", "p02.Processor Scheduling\p02.Processor Scheduling.csproj", "{56710076-CB56-4CF0-86C5-6CBB56D8DEC4}"
EndProject
Project("{9A19103F-16F7-4668-BE54-9A1E7A4F7556}") = "p03.Knight's Tour", "p03.Knight's Tour\p03.Knight's Tour.csproj", "{38BC821B-3DC5-4C18-A028-A9503AF8C212}"
EndProject
Project("{FAE04EC0-301F-11D3-BF4B-00C04F79EFBC}") = "p04.Best Lecture's Schedule", "p04.Best Lecture's Schedule\p04.Best Lecture's Schedule.csproj", "{4B802973-8060-4515-ABB0-F52DE42A66F6}"
EndProject
Project("{FAE04EC0-301F-11D3-BF4B-00C04F79EFBC}") = "p05.EgyptianFractions", "p05.EgyptianFractions\p05.EgyptianFractions.csproj", "{D9DE0ACE-934A-4C23-A8B3-DEA27CB84E42}"
EndProject
Project("{FAE04EC0-301F-11D3-BF4B-00C04F79EFBC}") = "p05.01.EgyptianTest", "p05.01.EgyptianTest\p05.01.EgyptianTest.csproj", "{CA35FD55-4B36-4164-9619-5340A0DDEB2E}"
EndProject
Global
	GlobalSection(SolutionConfigurationPlatforms) = preSolution
		Debug|Any CPU = Debug|Any CPU
		Release|Any CPU = Release|Any CPU
	EndGlobalSection
	GlobalSection(ProjectConfigurationPlatforms) = postSolution
		{DE13467D-C785-46DA-965D-9FF6D4974C64}.Debug|Any CPU.ActiveCfg = Debug|Any CPU
		{DE13467D-C785-46DA-965D-9FF6D4974C64}.Debug|Any CPU.Build.0 = Debug|Any CPU
		{DE13467D-C785-46DA-965D-9FF6D4974C64}.Release|Any CPU.ActiveCfg = Release|Any CPU
		{DE13467D-C785-46DA-965D-9FF6D4974C64}.Release|Any CPU.Build.0 = Release|Any CPU
		{56710076-CB56-4CF0-86C5-6CBB56D8DEC4}.Debug|Any CPU.ActiveCfg = Debug|Any CPU
		{56710076-CB56-4CF0-86C5-6CBB56D8DEC4}.Debug|Any CPU.Build.0 = Debug|Any CPU
		{56710076-CB56-4CF0-86C5-6CBB56D8DEC4}.Release|Any CPU.ActiveCfg = Release|Any CPU
		{56710076-CB56-4CF0-86C5-6CBB56D8DEC4}.Release|Any CPU.Build.0 = Release|Any CPU
		{38BC821B-3DC5-4C18-A028-A9503AF8C212}.Debug|Any CPU.ActiveCfg = Debug|Any CPU
		{38BC821B-3DC5-4C18-A028-A9503AF8C212}.Debug|Any CPU.Build.0 = Debug|Any CPU
		{38BC821B-3DC5-4C18-A028-A9503AF8C212}.Release|Any CPU.ActiveCfg = Release|Any CPU
		{38BC821B-3DC5-4C18-A028-A9503AF8C212}.Release|Any CPU.Build.0 = Release|Any CPU
		{4B802973-8060-4515-ABB0-F52DE42A66F6}.Debug|Any CPU.ActiveCfg = Debug|Any CPU
		{4B802973-8060-4515-ABB0-F52DE42A66F6}.Debug|Any CPU.Build.0 = Debug|Any CPU
		{4B802973-8060-4515-ABB0-F52DE42A66F6}.Release|Any CPU.ActiveCfg = Release|Any CPU
		{4B802973-8060-4515-ABB0-F52DE42A66F6}.Release|Any CPU.Build.0 = Release|Any CPU
		{D9DE0ACE-934A-4C23-A8B3-DEA27CB84E42}.Debug|Any CPU.ActiveCfg = Debug|Any CPU
		{D9DE0ACE-934A-4C23-A8B3-DEA27CB84E42}.Debug|Any CPU.Build.0 = Debug|Any CPU
		{D9DE0ACE-934A-4C23-A8B3-DEA27CB84E42}.Release|Any CPU.ActiveCfg = Release|Any CPU
		{D9DE0ACE-934A-4C23-A8B3-DEA27CB84E42}.Release|Any CPU.Build.0 = Release|Any CPU
		{CA35FD55-4B36-4164-9619-5340A0DDEB2E}.Debug|Any CPU.ActiveCfg = Debug|Any CPU
		{CA35FD55-4B36-4164-9619-5340A0DDEB2E}.Debug|Any CPU.Build.0 = Debug|Any CPU
		{CA35FD55-4B36-4164-9619-5340A0DDEB2E}.Release|Any CPU.ActiveCfg = Release|Any CPU
		{CA35FD55-4B36-4164-9619-5340A0DDEB2E}.Release|Any CPU.Build.0 = Release|Any CPU
	EndGlobalSection
	GlobalSection(SolutionProperties) = preSolution
		HideSolutionNode = FALSE
	EndGlobalSection
	GlobalSection(ExtensibilityGlobals) = postSolution
		SolutionGuid = {66CCBA88-1E22-4698-9F51-4C2C406BCEE6}
	EndGlobalSection
EndGlobal
