
Microsoft Visual Studio Solution File, Format Version 12.00
# Visual Studio Version 16
VisualStudioVersion = 16.0.30011.22
MinimumVisualStudioVersion = 10.0.40219.1
Project("{FAE04EC0-301F-11D3-BF4B-00C04F79EFBC}") = "p01.FractionalKnapsack", "p01.FractionalKnapsack\p01.FractionalKnapsack.csproj", "{DE13467D-C785-46DA-965D-9FF6D4974C64}"
EndProject
Project("{FAE04EC0-301F-11D3-BF4B-00C04F79EFBC}") = "p02.Processor Scheduling", "p02.Processor Scheduling\p02.Processor Scheduling.csproj", "{56710076-CB56-4CF0-86C5-6CBB56D8DEC4}"
EndProject
Global
	GlobalSection(SolutionConfigurationPlatforms) = preSolution
		Debug|Any CPU = Debug|Any CPU
		Release|Any CPU = Release|Any CPU
	EndGlobalSection
	GlobalSection(ProjectConfigurationPlatforms) = postSolution
		{DE13467D-C785-46DA-965D-9FF6D4974C64}.Debug|Any CPU.ActiveCfg = Debug|Any CPU
		{DE13467D-C785-46DA-965D-9FF6D4974C64}.Debug|Any CPU.Build.0 = Debug|Any CPU
		{DE13467D-C785-46DA-965D-9FF6D4974C64}.Release|Any CPU.ActiveCfg = Release|Any CPU
		{DE13467D-C785-46DA-965D-9FF6D4974C64}.Release|Any CPU.Build.0 = Release|Any CPU
		{56710076-CB56-4CF0-86C5-6CBB56D8DEC4}.Debug|Any CPU.ActiveCfg = Debug|Any CPU
		{56710076-CB56-4CF0-86C5-6CBB56D8DEC4}.Debug|Any CPU.Build.0 = Debug|Any CPU
		{56710076-CB56-4CF0-86C5-6CBB56D8DEC4}.Release|Any CPU.ActiveCfg = Release|Any CPU
		{56710076-CB56-4CF0-86C5-6CBB56D8DEC4}.Release|Any CPU.Build.0 = Release|Any CPU
	EndGlobalSection
	GlobalSection(SolutionProperties) = preSolution
		HideSolutionNode = FALSE
	EndGlobalSection
	GlobalSection(ExtensibilityGlobals) = postSolution
		SolutionGuid = {66CCBA88-1E22-4698-9F51-4C2C406BCEE6}
	EndGlobalSection
EndGlobal
