
Microsoft Visual Studio Solution File, Format Version 12.00
# Visual Studio Version 16
VisualStudioVersion = 16.0.30413.136
MinimumVisualStudioVersion = 10.0.40219.1
Project("{9A19103F-16F7-4668-BE54-9A1E7A4F7556}") = "p01.Knapsack", "p01.Knapsack\p01.Knapsack.csproj", "{50C83AC6-E3D4-4C5A-8F82-D5FFA06FBA89}"
EndProject
Project("{9A19103F-16F7-4668-BE54-9A1E7A4F7556}") = "p02.SubsetSumNoRepeats", "p02.SubsetSumNoRepeats\p02.SubsetSumNoRepeats.csproj", "{6B2A0753-2B49-4BD0-A7D0-6618DDDB2624}"
EndProject
Project("{FAE04EC0-301F-11D3-BF4B-00C04F79EFBC}") = "p03.SubsetSumWithRepeats", "p03.SubsetSumWithRepeats\p03.SubsetSumWithRepeats.csproj", "{E0664280-EC8A-440A-8BA6-4C9CD1669AA4}"
EndProject
Project("{FAE04EC0-301F-11D3-BF4B-00C04F79EFBC}") = "p04.LongestCommonSubsequence", "p04.LongestCommonSubsequence\p04.LongestCommonSubsequence.csproj", "{5D6A3ACE-BCFD-4D0C-877C-E4FA48C3E179}"
EndProject
Global
	GlobalSection(SolutionConfigurationPlatforms) = preSolution
		Debug|Any CPU = Debug|Any CPU
		Release|Any CPU = Release|Any CPU
	EndGlobalSection
	GlobalSection(ProjectConfigurationPlatforms) = postSolution
		{50C83AC6-E3D4-4C5A-8F82-D5FFA06FBA89}.Debug|Any CPU.ActiveCfg = Debug|Any CPU
		{50C83AC6-E3D4-4C5A-8F82-D5FFA06FBA89}.Debug|Any CPU.Build.0 = Debug|Any CPU
		{50C83AC6-E3D4-4C5A-8F82-D5FFA06FBA89}.Release|Any CPU.ActiveCfg = Release|Any CPU
		{50C83AC6-E3D4-4C5A-8F82-D5FFA06FBA89}.Release|Any CPU.Build.0 = Release|Any CPU
		{6B2A0753-2B49-4BD0-A7D0-6618DDDB2624}.Debug|Any CPU.ActiveCfg = Debug|Any CPU
		{6B2A0753-2B49-4BD0-A7D0-6618DDDB2624}.Debug|Any CPU.Build.0 = Debug|Any CPU
		{6B2A0753-2B49-4BD0-A7D0-6618DDDB2624}.Release|Any CPU.ActiveCfg = Release|Any CPU
		{6B2A0753-2B49-4BD0-A7D0-6618DDDB2624}.Release|Any CPU.Build.0 = Release|Any CPU
		{E0664280-EC8A-440A-8BA6-4C9CD1669AA4}.Debug|Any CPU.ActiveCfg = Debug|Any CPU
		{E0664280-EC8A-440A-8BA6-4C9CD1669AA4}.Debug|Any CPU.Build.0 = Debug|Any CPU
		{E0664280-EC8A-440A-8BA6-4C9CD1669AA4}.Release|Any CPU.ActiveCfg = Release|Any CPU
		{E0664280-EC8A-440A-8BA6-4C9CD1669AA4}.Release|Any CPU.Build.0 = Release|Any CPU
		{5D6A3ACE-BCFD-4D0C-877C-E4FA48C3E179}.Debug|Any CPU.ActiveCfg = Debug|Any CPU
		{5D6A3ACE-BCFD-4D0C-877C-E4FA48C3E179}.Debug|Any CPU.Build.0 = Debug|Any CPU
		{5D6A3ACE-BCFD-4D0C-877C-E4FA48C3E179}.Release|Any CPU.ActiveCfg = Release|Any CPU
		{5D6A3ACE-BCFD-4D0C-877C-E4FA48C3E179}.Release|Any CPU.Build.0 = Release|Any CPU
	EndGlobalSection
	GlobalSection(SolutionProperties) = preSolution
		HideSolutionNode = FALSE
	EndGlobalSection
	GlobalSection(ExtensibilityGlobals) = postSolution
		SolutionGuid = {9364FDE5-5C32-445A-9627-11E84BE417CB}
	EndGlobalSection
EndGlobal
