
Microsoft Visual Studio Solution File, Format Version 12.00
# Visual Studio Version 16
VisualStudioVersion = 16.0.30011.22
MinimumVisualStudioVersion = 10.0.40219.1
Project("{9A19103F-16F7-4668-BE54-9A1E7A4F7556}") = "p01.Index", "p01.Index\p01.Index.csproj", "{B0EAF549-E03B-474A-9FCC-584A66A6E24E}"
EndProject
Project("{9A19103F-16F7-4668-BE54-9A1E7A4F7556}") = "p02.Permutations With Repetitions", "p02.Permutations With Repetitions\p02.Permutations With Repetitions.csproj", "{8F6098CA-5CC2-4D08-BFE2-9FFF3A61D71C}"
EndProject
Project("{9A19103F-16F7-4668-BE54-9A1E7A4F7556}") = "p02.1.PermuteWithRepetition", "p02.1.PermuteWithRepetition\p02.1.PermuteWithRepetition.csproj", "{C9A4DD78-C4CC-44B7-8627-40356E7AA091}"
EndProject
Project("{FAE04EC0-301F-11D3-BF4B-00C04F79EFBC}") = "p03.Variations", "p03.Variations\p03.Variations.csproj", "{13DD0DE6-FC68-4BC3-A3DD-3823EB902086}"
EndProject
Project("{FAE04EC0-301F-11D3-BF4B-00C04F79EFBC}") = "p04.VariationsWithRepe", "p04.VariationsWithRepe\p04.VariationsWithRepe.csproj", "{029DBA8F-3903-4412-986C-7C4946178D32}"
EndProject
Project("{FAE04EC0-301F-11D3-BF4B-00C04F79EFBC}") = "p05.CombinationsWithoutRepe", "p05.CombinationsWithoutRepe\p05.CombinationsWithoutRepe.csproj", "{A2718F80-F69A-4FA6-A442-56DD26FC4ACD}"
EndProject
Project("{FAE04EC0-301F-11D3-BF4B-00C04F79EFBC}") = "p06.CombinationsWithRepe", "p06.CombinationsWithRepe\p06.CombinationsWithRepe.csproj", "{8539B1DC-EA0F-4286-8EF8-A1A3CCE6635E}"
EndProject
Project("{FAE04EC0-301F-11D3-BF4B-00C04F79EFBC}") = "p07.NChooseKCount", "p07.NChooseKCount\p07.NChooseKCount.csproj", "{02A6CDB7-6FF1-4774-908E-ABFB20274717}"
EndProject
Global
	GlobalSection(SolutionConfigurationPlatforms) = preSolution
		Debug|Any CPU = Debug|Any CPU
		Release|Any CPU = Release|Any CPU
	EndGlobalSection
	GlobalSection(ProjectConfigurationPlatforms) = postSolution
		{B0EAF549-E03B-474A-9FCC-584A66A6E24E}.Debug|Any CPU.ActiveCfg = Debug|Any CPU
		{B0EAF549-E03B-474A-9FCC-584A66A6E24E}.Debug|Any CPU.Build.0 = Debug|Any CPU
		{B0EAF549-E03B-474A-9FCC-584A66A6E24E}.Release|Any CPU.ActiveCfg = Release|Any CPU
		{B0EAF549-E03B-474A-9FCC-584A66A6E24E}.Release|Any CPU.Build.0 = Release|Any CPU
		{8F6098CA-5CC2-4D08-BFE2-9FFF3A61D71C}.Debug|Any CPU.ActiveCfg = Debug|Any CPU
		{8F6098CA-5CC2-4D08-BFE2-9FFF3A61D71C}.Debug|Any CPU.Build.0 = Debug|Any CPU
		{8F6098CA-5CC2-4D08-BFE2-9FFF3A61D71C}.Release|Any CPU.ActiveCfg = Release|Any CPU
		{8F6098CA-5CC2-4D08-BFE2-9FFF3A61D71C}.Release|Any CPU.Build.0 = Release|Any CPU
		{C9A4DD78-C4CC-44B7-8627-40356E7AA091}.Debug|Any CPU.ActiveCfg = Debug|Any CPU
		{C9A4DD78-C4CC-44B7-8627-40356E7AA091}.Debug|Any CPU.Build.0 = Debug|Any CPU
		{C9A4DD78-C4CC-44B7-8627-40356E7AA091}.Release|Any CPU.ActiveCfg = Release|Any CPU
		{C9A4DD78-C4CC-44B7-8627-40356E7AA091}.Release|Any CPU.Build.0 = Release|Any CPU
		{13DD0DE6-FC68-4BC3-A3DD-3823EB902086}.Debug|Any CPU.ActiveCfg = Debug|Any CPU
		{13DD0DE6-FC68-4BC3-A3DD-3823EB902086}.Debug|Any CPU.Build.0 = Debug|Any CPU
		{13DD0DE6-FC68-4BC3-A3DD-3823EB902086}.Release|Any CPU.ActiveCfg = Release|Any CPU
		{13DD0DE6-FC68-4BC3-A3DD-3823EB902086}.Release|Any CPU.Build.0 = Release|Any CPU
		{029DBA8F-3903-4412-986C-7C4946178D32}.Debug|Any CPU.ActiveCfg = Debug|Any CPU
		{029DBA8F-3903-4412-986C-7C4946178D32}.Debug|Any CPU.Build.0 = Debug|Any CPU
		{029DBA8F-3903-4412-986C-7C4946178D32}.Release|Any CPU.ActiveCfg = Release|Any CPU
		{029DBA8F-3903-4412-986C-7C4946178D32}.Release|Any CPU.Build.0 = Release|Any CPU
		{A2718F80-F69A-4FA6-A442-56DD26FC4ACD}.Debug|Any CPU.ActiveCfg = Debug|Any CPU
		{A2718F80-F69A-4FA6-A442-56DD26FC4ACD}.Debug|Any CPU.Build.0 = Debug|Any CPU
		{A2718F80-F69A-4FA6-A442-56DD26FC4ACD}.Release|Any CPU.ActiveCfg = Release|Any CPU
		{A2718F80-F69A-4FA6-A442-56DD26FC4ACD}.Release|Any CPU.Build.0 = Release|Any CPU
		{8539B1DC-EA0F-4286-8EF8-A1A3CCE6635E}.Debug|Any CPU.ActiveCfg = Debug|Any CPU
		{8539B1DC-EA0F-4286-8EF8-A1A3CCE6635E}.Debug|Any CPU.Build.0 = Debug|Any CPU
		{8539B1DC-EA0F-4286-8EF8-A1A3CCE6635E}.Release|Any CPU.ActiveCfg = Release|Any CPU
		{8539B1DC-EA0F-4286-8EF8-A1A3CCE6635E}.Release|Any CPU.Build.0 = Release|Any CPU
		{02A6CDB7-6FF1-4774-908E-ABFB20274717}.Debug|Any CPU.ActiveCfg = Debug|Any CPU
		{02A6CDB7-6FF1-4774-908E-ABFB20274717}.Debug|Any CPU.Build.0 = Debug|Any CPU
		{02A6CDB7-6FF1-4774-908E-ABFB20274717}.Release|Any CPU.ActiveCfg = Release|Any CPU
		{02A6CDB7-6FF1-4774-908E-ABFB20274717}.Release|Any CPU.Build.0 = Release|Any CPU
	EndGlobalSection
	GlobalSection(SolutionProperties) = preSolution
		HideSolutionNode = FALSE
	EndGlobalSection
	GlobalSection(ExtensibilityGlobals) = postSolution
		SolutionGuid = {492EF0A3-11A2-4807-B338-09216DFFE512}
	EndGlobalSection
EndGlobal
